
Microsoft Visual Studio Solution File, Format Version 12.00
# Visual Studio Version 17
VisualStudioVersion = 17.11.35312.102
MinimumVisualStudioVersion = 10.0.40219.1
Project("{FAE04EC0-301F-11D3-BF4B-00C04F79EFBC}") = "WeVibe.API", "WeVibe.API\WeVibe.API.csproj", "{50F13BAC-6A97-4F93-B33E-3E667F43865F}"
EndProject
Project("{2150E333-8FDC-42A3-9474-1A3956D46DE8}") = "API", "API", "{633BBA77-5B0E-4038-B605-B5C148472F55}"
EndProject
Global
	GlobalSection(SolutionConfigurationPlatforms) = preSolution
		Debug|Any CPU = Debug|Any CPU
		Release|Any CPU = Release|Any CPU
	EndGlobalSection
	GlobalSection(ProjectConfigurationPlatforms) = postSolution
		{50F13BAC-6A97-4F93-B33E-3E667F43865F}.Debug|Any CPU.ActiveCfg = Debug|Any CPU
		{50F13BAC-6A97-4F93-B33E-3E667F43865F}.Debug|Any CPU.Build.0 = Debug|Any CPU
		{50F13BAC-6A97-4F93-B33E-3E667F43865F}.Release|Any CPU.ActiveCfg = Release|Any CPU
		{50F13BAC-6A97-4F93-B33E-3E667F43865F}.Release|Any CPU.Build.0 = Release|Any CPU
	EndGlobalSection
	GlobalSection(SolutionProperties) = preSolution
		HideSolutionNode = FALSE
	EndGlobalSection
	GlobalSection(NestedProjects) = preSolution
		{50F13BAC-6A97-4F93-B33E-3E667F43865F} = {633BBA77-5B0E-4038-B605-B5C148472F55}
	EndGlobalSection
	GlobalSection(ExtensibilityGlobals) = postSolution
		SolutionGuid = {6EC7D5DB-5AEE-415F-9E44-461F9AB17D3B}
	EndGlobalSection
EndGlobal
